GIT
  remote: https://github.com/Shopify/liquid
  revision: 742ac3dbf5432c6c2689ea00da604d7379f73799
  specs:
    liquid (5.12.0)
      bigdecimal
      strscan (>= 3.1.1)

GIT
  remote: https://github.com/Shopify/liquid-spec
  revision: c4c7931214292327fc0d65a7f3a4d006416631f6
  specs:
    liquid-spec (2.0.0)
      super_diff (~> 0.18)

GEM
  remote: https://rubygems.org/
  specs:
    activesupport (8.1.3)
      base64
      bigdecimal
      concurrent-ruby (~> 1.0, >= 1.3.1)
      connection_pool (>= 2.2.5)
      drb
      i18n (>= 1.6, < 2)
      json
      logger (>= 1.4.2)
      minitest (>= 5.1)
      securerandom (>= 0.3)
      tzinfo (~> 2.0, >= 2.0.5)
      uri (>= 0.13.1)
    attr_extras (7.1.0)
    base64 (0.3.0)
    bigdecimal (4.1.2)
    concurrent-ruby (1.3.7)
    connection_pool (3.0.2)
    diff-lcs (1.6.2)
    drb (2.2.3)
    i18n (1.15.2)
      concurrent-ruby (~> 1.0)
    json (2.20.0)
    logger (1.7.0)
    minitest (6.0.6)
      drb (~> 2.0)
      prism (~> 1.5)
    optimist (3.2.1)
    patience_diff (1.2.0)
      optimist (~> 3.0)
    prism (1.9.0)
    rake (13.4.2)
    securerandom (0.4.1)
    strscan (3.1.8)
    super_diff (0.19.0)
      attr_extras (>= 6.2.4, < 8)
      diff-lcs (~> 1.5)
      patience_diff (~> 1.2)
    tzinfo (2.0.6)
      concurrent-ruby (~> 1.0)
    uri (1.1.1)

PLATFORMS
  arm64-darwin-23
  ruby

DEPENDENCIES
  activesupport
  base64
  liquid!
  liquid-spec!
  minitest
  rake

BUNDLED WITH
   2.6.2
