GIT
  remote: /Users/tobi/src/tries/2025-12-31-liquid-4_0-optimizations/liquid-spec
  revision: cb26ea928672b3f0f4f2bdedba40f974fd275d4c
  specs:
    liquid-spec (0.9.0)
      super_diff (~> 0.18)

GIT
  remote: https://github.com/Shopify/liquid
  revision: eaa9f215bf90d05ef5113055dfc42e85e991dd3c
  specs:
    liquid (5.11.0)
      bigdecimal
      strscan (>= 3.1.1)

GEM
  remote: https://rubygems.org/
  specs:
    attr_extras (7.1.0)
    base64 (0.3.0)
    bigdecimal (4.0.1)
    diff-lcs (1.6.2)
    minitest (6.0.1)
      prism (~> 1.5)
    optimist (3.2.1)
    patience_diff (1.2.0)
      optimist (~> 3.0)
    prism (1.7.0)
    rake (13.3.1)
    strscan (3.1.6)
    super_diff (0.18.0)
      attr_extras (>= 6.2.4)
      diff-lcs
      patience_diff

PLATFORMS
  arm64-darwin-23
  ruby

DEPENDENCIES
  base64
  liquid!
  liquid-spec!
  minitest
  rake

BUNDLED WITH
   2.6.2
