GIT
  remote: https://github.com/Shopify/liquid
  revision: 742ac3dbf5432c6c2689ea00da604d7379f73799
  specs:
    liquid (5.12.0)
      bigdecimal
      strscan (>= 3.1.1)

GIT
  remote: https://github.com/Shopify/liquid-spec
  revision: 80cef9fa59aeb28061cf9bffd26792917f7d5b0d
  specs:
    liquid-spec (1.2.0)
      super_diff (~> 0.18)

GEM
  remote: https://rubygems.org/
  specs:
    attr_extras (7.1.0)
    base64 (0.3.0)
    bigdecimal (4.1.2)
    diff-lcs (1.6.2)
    drb (2.2.3)
    minitest (6.0.6)
      drb (~> 2.0)
      prism (~> 1.5)
    optimist (3.2.1)
    patience_diff (1.2.0)
      optimist (~> 3.0)
    prism (1.9.0)
    rake (13.4.2)
    strscan (3.1.8)
    super_diff (0.19.0)
      attr_extras (>= 6.2.4, < 8)
      diff-lcs (~> 1.5)
      patience_diff (~> 1.2)

PLATFORMS
  arm64-darwin-23
  ruby

DEPENDENCIES
  base64
  liquid!
  liquid-spec!
  minitest
  rake

BUNDLED WITH
   2.6.2
